
Microsoft Visual Studio Solution File, Format Version 12.00
# Visual Studio Version 17
VisualStudioVersion = 17.10.34916.146
MinimumVisualStudioVersion = 10.0.40219.1
Project("{8BC9CEB8-8B4A-11D0-8D11-00A0C91BC942}") = "StreamReaderandWriter_0029", "StreamReaderandWriter_0029.vcxproj", "{6AB198AC-143A-4BD7-B637-8FC84806D255}"
EndProject
Project("{8BC9CEB8-8B4A-11D0-8D11-00A0C91BC942}") = "ioFile", "ioFile\ioFile.vcxproj", "{39AC8135-F9D2-4685-B7D9-F34CC5D7DE19}"
EndProject
Project("{8BC9CEB8-8B4A-11D0-8D11-00A0C91BC942}") = "ioFileWithPath", "ioFileWithPath\ioFileWithPath.vcxproj", "{65CBCF63-D207-403E-A3FB-CA377A47750D}"
EndProject
Project("{8BC9CEB8-8B4A-11D0-8D11-00A0C91BC942}") = "exceptionStandard", "ConsoleApplication1\ConsoleApplication1.vcxproj", "{91F8E15B-9BE1-4DF9-8393-44D11D68E454}"
EndProject
Global
	GlobalSection(SolutionConfigurationPlatforms) = preSolution
		Debug|x64 = Debug|x64
		Debug|x86 = Debug|x86
		Release|x64 = Release|x64
		Release|x86 = Release|x86
	EndGlobalSection
	GlobalSection(ProjectConfigurationPlatforms) = postSolution
		{6AB198AC-143A-4BD7-B637-8FC84806D255}.Debug|x64.ActiveCfg = Debug|x64
		{6AB198AC-143A-4BD7-B637-8FC84806D255}.Debug|x64.Build.0 = Debug|x64
		{6AB198AC-143A-4BD7-B637-8FC84806D255}.Debug|x86.ActiveCfg = Debug|Win32
		{6AB198AC-143A-4BD7-B637-8FC84806D255}.Debug|x86.Build.0 = Debug|Win32
		{6AB198AC-143A-4BD7-B637-8FC84806D255}.Release|x64.ActiveCfg = Release|x64
		{6AB198AC-143A-4BD7-B637-8FC84806D255}.Release|x64.Build.0 = Release|x64
		{6AB198AC-143A-4BD7-B637-8FC84806D255}.Release|x86.ActiveCfg = Release|Win32
		{6AB198AC-143A-4BD7-B637-8FC84806D255}.Release|x86.Build.0 = Release|Win32
		{39AC8135-F9D2-4685-B7D9-F34CC5D7DE19}.Debug|x64.ActiveCfg = Debug|x64
		{39AC8135-F9D2-4685-B7D9-F34CC5D7DE19}.Debug|x64.Build.0 = Debug|x64
		{39AC8135-F9D2-4685-B7D9-F34CC5D7DE19}.Debug|x86.ActiveCfg = Debug|Win32
		{39AC8135-F9D2-4685-B7D9-F34CC5D7DE19}.Debug|x86.Build.0 = Debug|Win32
		{39AC8135-F9D2-4685-B7D9-F34CC5D7DE19}.Release|x64.ActiveCfg = Release|x64
		{39AC8135-F9D2-4685-B7D9-F34CC5D7DE19}.Release|x64.Build.0 = Release|x64
		{39AC8135-F9D2-4685-B7D9-F34CC5D7DE19}.Release|x86.ActiveCfg = Release|Win32
		{39AC8135-F9D2-4685-B7D9-F34CC5D7DE19}.Release|x86.Build.0 = Release|Win32
		{65CBCF63-D207-403E-A3FB-CA377A47750D}.Debug|x64.ActiveCfg = Debug|x64
		{65CBCF63-D207-403E-A3FB-CA377A47750D}.Debug|x64.Build.0 = Debug|x64
		{65CBCF63-D207-403E-A3FB-CA377A47750D}.Debug|x86.ActiveCfg = Debug|Win32
		{65CBCF63-D207-403E-A3FB-CA377A47750D}.Debug|x86.Build.0 = Debug|Win32
		{65CBCF63-D207-403E-A3FB-CA377A47750D}.Release|x64.ActiveCfg = Release|x64
		{65CBCF63-D207-403E-A3FB-CA377A47750D}.Release|x64.Build.0 = Release|x64
		{65CBCF63-D207-403E-A3FB-CA377A47750D}.Release|x86.ActiveCfg = Release|Win32
		{65CBCF63-D207-403E-A3FB-CA377A47750D}.Release|x86.Build.0 = Release|Win32
		{91F8E15B-9BE1-4DF9-8393-44D11D68E454}.Debug|x64.ActiveCfg = Debug|x64
		{91F8E15B-9BE1-4DF9-8393-44D11D68E454}.Debug|x64.Build.0 = Debug|x64
		{91F8E15B-9BE1-4DF9-8393-44D11D68E454}.Debug|x86.ActiveCfg = Debug|Win32
		{91F8E15B-9BE1-4DF9-8393-44D11D68E454}.Debug|x86.Build.0 = Debug|Win32
		{91F8E15B-9BE1-4DF9-8393-44D11D68E454}.Release|x64.ActiveCfg = Release|x64
		{91F8E15B-9BE1-4DF9-8393-44D11D68E454}.Release|x64.Build.0 = Release|x64
		{91F8E15B-9BE1-4DF9-8393-44D11D68E454}.Release|x86.ActiveCfg = Release|Win32
		{91F8E15B-9BE1-4DF9-8393-44D11D68E454}.Release|x86.Build.0 = Release|Win32
	EndGlobalSection
	GlobalSection(SolutionProperties) = preSolution
		HideSolutionNode = FALSE
	EndGlobalSection
	GlobalSection(ExtensibilityGlobals) = postSolution
		SolutionGuid = {4990DF61-63A7-4D17-86E9-94C3B4B35E43}
	EndGlobalSection
EndGlobal
